
Microsoft Visual Studio Solution File, Format Version 12.00
# Visual Studio 15
VisualStudioVersion = 15.0.28307.489
MinimumVisualStudioVersion = 10.0.40219.1
Project("{8BC9CEB8-8B4A-11D0-8D11-00A0C91BC942}") = "Get_System_Metrics", "Get_System_Metrics.vcxproj", "{DC8C3706-2134-4F89-82A2-15FE99046165}"
EndProject
Global
	GlobalSection(SolutionConfigurationPlatforms) = preSolution
		Debug|x64 = Debug|x64
		Debug|x86 = Debug|x86
		Release|x64 = Release|x64
		Release|x86 = Release|x86
	EndGlobalSection
	GlobalSection(ProjectConfigurationPlatforms) = postSolution
		{DC8C3706-2134-4F89-82A2-15FE99046165}.Debug|x64.ActiveCfg = Debug|x64
		{DC8C3706-2134-4F89-82A2-15FE99046165}.Debug|x64.Build.0 = Debug|x64
		{DC8C3706-2134-4F89-82A2-15FE99046165}.Debug|x86.ActiveCfg = Debug|Win32
		{DC8C3706-2134-4F89-82A2-15FE99046165}.Debug|x86.Build.0 = Debug|Win32
		{DC8C3706-2134-4F89-82A2-15FE99046165}.Release|x64.ActiveCfg = Release|x64
		{DC8C3706-2134-4F89-82A2-15FE99046165}.Release|x64.Build.0 = Release|x64
		{DC8C3706-2134-4F89-82A2-15FE99046165}.Release|x86.ActiveCfg = Release|Win32
		{DC8C3706-2134-4F89-82A2-15FE99046165}.Release|x86.Build.0 = Release|Win32
	EndGlobalSection
	GlobalSection(SolutionProperties) = preSolution
		HideSolutionNode = FALSE
	EndGlobalSection
	GlobalSection(ExtensibilityGlobals) = postSolution
		SolutionGuid = {FBE04F81-D567-454A-9F0A-03B3BF1A04E5}
	EndGlobalSection
EndGlobal
